#MicroXplorer Configuration settings - do not modify
Mcu.Family=STM32F3
ProjectManager.MainLocation=Core/Src
RCC.MCOFreq_Value=32000000
RCC.USART1Freq_Value=32000000
ProjectManager.ProjectFileName=apps_emulator.ioc
RCC.ADC12outputFreq_Value=32000000
RCC.CortexFreq_Value=32000000
ProjectManager.KeepUserCode=true
Mcu.UserName=STM32F334R8Tx
Mcu.PinsNb=5
ProjectManager.NoMain=false
PC13.Locked=true
RCC.PLLCLKFreq_Value=32000000
PC13.Signal=GPXTI13
RCC.SYSCLKSourceVirtual=RCC_SYSCLKSOURCE_PLLCLK
ProjectManager.functionlistsort=1-MX_GPIO_Init-GPIO-false-HAL-true,2-SystemClock_Config-RCC-false-HAL-false,3-MX_CAN_Init-CAN-false-HAL-true
RCC.RTCFreq_Value=40000
ProjectManager.DefaultFWLocation=true
RCC.HSEPLLFreq_Value=8000000
ProjectManager.DeletePrevious=true
RCC.HSIPLLFreq_Value=4000000
PinOutPanel.RotationAngle=0
RCC.FamilyName=M
ProjectManager.StackSize=0x400
SH.GPXTI13.0=GPIO_EXTI13
RCC.FCLKCortexFreq_Value=32000000
Mcu.IP2=RCC
NVIC.SVCall_IRQn=true\:0\:0\:false\:false\:true\:false\:false
Mcu.IP3=SYS
Mcu.IP0=CAN
Mcu.IP1=NVIC
CAN.Prescaler=4
CAN.BS1=CAN_BS1_14TQ
Mcu.UserConstants=
ProjectManager.TargetToolchain=STM32CubeIDE
SH.GPXTI13.ConfNb=1
Mcu.ThirdPartyNb=0
RCC.HCLKFreq_Value=32000000
Mcu.IPNb=4
ProjectManager.PreviousToolchain=STM32CubeIDE
PB9.Mode=Master
RCC.APB2TimFreq_Value=32000000
PB9.Locked=true
ProjectManager.RegisterCallBack=
RCC.LSE_VALUE=32768
RCC.AHBFreq_Value=32000000
RCC.TIM2Freq_Value=32000000
Mcu.Pin0=PC13
Mcu.Pin1=PA5
Mcu.Pin2=PB8
Mcu.Pin3=PB9
Mcu.Pin4=VP_SYS_VS_Systick
NVIC.EXTI15_10_IRQn=true\:0\:0\:false\:false\:true\:true\:true
PA5.Signal=GPIO_Output
ProjectManager.ProjectBuild=false
RCC.HSE_VALUE=8000000
NVIC.UsageFault_IRQn=true\:0\:0\:false\:false\:true\:false\:false
NVIC.DebugMonitor_IRQn=true\:0\:0\:false\:false\:true\:false\:false
board=custom
NVIC.SysTick_IRQn=true\:0\:0\:false\:false\:true\:false\:true
ProjectManager.LastFirmware=true
RCC.PLLMUL=RCC_PLL_MUL8
RCC.VCOOutput2Freq_Value=4000000
ProjectManager.FirmwarePackage=STM32Cube FW_F3 V1.11.1
MxDb.Version=DB.6.0.0
RCC.APB2Freq_Value=32000000
ProjectManager.BackupPrevious=false
MxCube.Version=6.0.1
RCC.I2C1Freq_Value=8000000
File.Version=6
VP_SYS_VS_Systick.Mode=SysTick
PB8.Locked=true
NVIC.NonMaskableInt_IRQn=true\:0\:0\:false\:false\:true\:false\:false
CAN.IPParameters=CalculateTimeQuantum,Prescaler,BS1
NVIC.PendSV_IRQn=true\:0\:0\:false\:false\:true\:false\:false
ProjectManager.FreePins=false
RCC.IPParameters=ADC12outputFreq_Value,AHBFreq_Value,APB1Freq_Value,APB1TimFreq_Value,APB2Freq_Value,APB2TimFreq_Value,CortexFreq_Value,FCLKCortexFreq_Value,FamilyName,HCLKFreq_Value,HRTIM1Freq_Value,HSEPLLFreq_Value,HSE_VALUE,HSIPLLFreq_Value,HSI_VALUE,I2C1Freq_Value,LSE_VALUE,LSI_VALUE,MCOFreq_Value,PLLCLKFreq_Value,PLLMCOFreq_Value,PLLMUL,RTCFreq_Value,RTCHSEDivFreq_Value,SYSCLKFreq_VALUE,SYSCLKSourceVirtual,TIM1Freq_Value,TIM2Freq_Value,USART1Freq_Value,VCOOutput2Freq_Value
ProjectManager.AskForMigrate=true
Mcu.Name=STM32F334R(6-8)Tx
CAN.CalculateTimeQuantum=125.0
ProjectManager.HalAssertFull=false
RCC.RTCHSEDivFreq_Value=250000
ProjectManager.ProjectName=apps_emulator
ProjectManager.UnderRoot=true
RCC.TIM1Freq_Value=32000000
RCC.PLLMCOFreq_Value=32000000
ProjectManager.CoupleFile=false
RCC.SYSCLKFreq_VALUE=32000000
PB9.Signal=CAN_TX
Mcu.Package=LQFP64
PA5.Locked=true
NVIC.ForceEnableDMAVector=true
KeepUserPlacement=false
NVIC.MemoryManagement_IRQn=true\:0\:0\:false\:false\:true\:false\:false
ProjectManager.CompilerOptimize=6
ProjectManager.ToolChainLocation=
RCC.LSI_VALUE=40000
VP_SYS_VS_Systick.Signal=SYS_VS_Systick
ProjectManager.HeapSize=0x200
NVIC.HardFault_IRQn=true\:0\:0\:false\:false\:true\:false\:false
ProjectManager.ComputerToolchain=false
RCC.HSI_VALUE=8000000
NVIC.PriorityGroup=NVIC_PRIORITYGROUP_4
PB8.Mode=Master
RCC.APB1TimFreq_Value=32000000
PB8.Signal=CAN_RX
NVIC.BusFault_IRQn=true\:0\:0\:false\:false\:true\:false\:false
RCC.APB1Freq_Value=32000000
ProjectManager.CustomerFirmwarePackage=
ProjectManager.DeviceId=STM32F334R8Tx
ProjectManager.LibraryCopy=1
RCC.HRTIM1Freq_Value=32000000
